
Microsoft Visual Studio Solution File, Format Version 12.00
# Visual Studio 14
VisualStudioVersion = 14.0.25123.0
MinimumVisualStudioVersion = 10.0.40219.1
Project("{FAE04EC0-301F-11D3-BF4B-00C04F79EFBC}") = "Cypress_Cloud.Droid", "Cypress_Cloud\Cypress_Cloud.Droid\Cypress_Cloud.Droid.csproj", "{A480766D-115A-4BBC-B5BA-185A19289E01}"
EndProject
Project("{FAE04EC0-301F-11D3-BF4B-00C04F79EFBC}") = "Cypress_Cloud.iOS", "Cypress_Cloud\Cypress_Cloud.iOS\Cypress_Cloud.iOS.csproj", "{75B9E8C8-3296-4A55-9EA1-A1885AA2920C}"
EndProject
Project("{FAE04EC0-301F-11D3-BF4B-00C04F79EFBC}") = "Cypress_Cloud", "Cypress_Cloud\Cypress_Cloud\Cypress_Cloud.csproj", "{41895D0E-A701-4886-AB00-1CFD7D590A80}"
EndProject
Global
	GlobalSection(SolutionConfigurationPlatforms) = preSolution
		Ad-Hoc|Any CPU = Ad-Hoc|Any CPU
		Ad-Hoc|iPhone = Ad-Hoc|iPhone
		Ad-Hoc|iPhoneSimulator = Ad-Hoc|iPhoneSimulator
		AppStore|Any CPU = AppStore|Any CPU
		AppStore|iPhone = AppStore|iPhone
		AppStore|iPhoneSimulator = AppStore|iPhoneSimulator
		Debug|Any CPU = Debug|Any CPU
		Debug|iPhone = Debug|iPhone
		Debug|iPhoneSimulator = Debug|iPhoneSimulator
		Release|Any CPU = Release|Any CPU
		Release|iPhone = Release|iPhone
		Release|iPhoneSimulator = Release|iPhoneSimulator
	EndGlobalSection
	GlobalSection(ProjectConfigurationPlatforms) = postSolution
		{A480766D-115A-4BBC-B5BA-185A19289E01}.Ad-Hoc|Any CPU.ActiveCfg = Release|Any CPU
		{A480766D-115A-4BBC-B5BA-185A19289E01}.Ad-Hoc|Any CPU.Build.0 = Release|Any CPU
		{A480766D-115A-4BBC-B5BA-185A19289E01}.Ad-Hoc|Any CPU.Deploy.0 = Release|Any CPU
		{A480766D-115A-4BBC-B5BA-185A19289E01}.Ad-Hoc|iPhone.ActiveCfg = Release|Any CPU
		{A480766D-115A-4BBC-B5BA-185A19289E01}.Ad-Hoc|iPhone.Build.0 = Release|Any CPU
		{A480766D-115A-4BBC-B5BA-185A19289E01}.Ad-Hoc|iPhone.Deploy.0 = Release|Any CPU
		{A480766D-115A-4BBC-B5BA-185A19289E01}.Ad-Hoc|iPhoneSimulator.ActiveCfg = Release|Any CPU
		{A480766D-115A-4BBC-B5BA-185A19289E01}.Ad-Hoc|iPhoneSimulator.Build.0 = Release|Any CPU
		{A480766D-115A-4BBC-B5BA-185A19289E01}.Ad-Hoc|iPhoneSimulator.Deploy.0 = Release|Any CPU
		{A480766D-115A-4BBC-B5BA-185A19289E01}.AppStore|Any CPU.ActiveCfg = Release|Any CPU
		{A480766D-115A-4BBC-B5BA-185A19289E01}.AppStore|Any CPU.Build.0 = Release|Any CPU
		{A480766D-115A-4BBC-B5BA-185A19289E01}.AppStore|Any CPU.Deploy.0 = Release|Any CPU
		{A480766D-115A-4BBC-B5BA-185A19289E01}.AppStore|iPhone.ActiveCfg = Release|Any CPU
		{A480766D-115A-4BBC-B5BA-185A19289E01}.AppStore|iPhone.Build.0 = Release|Any CPU
		{A480766D-115A-4BBC-B5BA-185A19289E01}.AppStore|iPhone.Deploy.0 = Release|Any CPU
		{A480766D-115A-4BBC-B5BA-185A19289E01}.AppStore|iPhoneSimulator.ActiveCfg = Release|Any CPU
		{A480766D-115A-4BBC-B5BA-185A19289E01}.AppStore|iPhoneSimulator.Build.0 = Release|Any CPU
		{A480766D-115A-4BBC-B5BA-185A19289E01}.AppStore|iPhoneSimulator.Deploy.0 = Release|Any CPU
		{A480766D-115A-4BBC-B5BA-185A19289E01}.Debug|Any CPU.ActiveCfg = Debug|Any CPU
		{A480766D-115A-4BBC-B5BA-185A19289E01}.Debug|Any CPU.Build.0 = Debug|Any CPU
		{A480766D-115A-4BBC-B5BA-185A19289E01}.Debug|Any CPU.Deploy.0 = Debug|Any CPU
		{A480766D-115A-4BBC-B5BA-185A19289E01}.Debug|iPhone.ActiveCfg = Debug|Any CPU
		{A480766D-115A-4BBC-B5BA-185A19289E01}.Debug|iPhone.Build.0 = Debug|Any CPU
		{A480766D-115A-4BBC-B5BA-185A19289E01}.Debug|iPhone.Deploy.0 = Debug|Any CPU
		{A480766D-115A-4BBC-B5BA-185A19289E01}.Debug|iPhoneSimulator.ActiveCfg = Debug|Any CPU
		{A480766D-115A-4BBC-B5BA-185A19289E01}.Debug|iPhoneSimulator.Build.0 = Debug|Any CPU
		{A480766D-115A-4BBC-B5BA-185A19289E01}.Debug|iPhoneSimulator.Deploy.0 = Debug|Any CPU
		{A480766D-115A-4BBC-B5BA-185A19289E01}.Release|Any CPU.ActiveCfg = Release|Any CPU
		{A480766D-115A-4BBC-B5BA-185A19289E01}.Release|Any CPU.Build.0 = Release|Any CPU
		{A480766D-115A-4BBC-B5BA-185A19289E01}.Release|Any CPU.Deploy.0 = Release|Any CPU
		{A480766D-115A-4BBC-B5BA-185A19289E01}.Release|iPhone.ActiveCfg = Release|Any CPU
		{A480766D-115A-4BBC-B5BA-185A19289E01}.Release|iPhone.Build.0 = Release|Any CPU
		{A480766D-115A-4BBC-B5BA-185A19289E01}.Release|iPhone.Deploy.0 = Release|Any CPU
		{A480766D-115A-4BBC-B5BA-185A19289E01}.Release|iPhoneSimulator.ActiveCfg = Release|Any CPU
		{A480766D-115A-4BBC-B5BA-185A19289E01}.Release|iPhoneSimulator.Build.0 = Release|Any CPU
		{A480766D-115A-4BBC-B5BA-185A19289E01}.Release|iPhoneSimulator.Deploy.0 = Release|Any CPU
		{75B9E8C8-3296-4A55-9EA1-A1885AA2920C}.Ad-Hoc|Any CPU.ActiveCfg = Ad-Hoc|iPhone
		{75B9E8C8-3296-4A55-9EA1-A1885AA2920C}.Ad-Hoc|iPhone.ActiveCfg = Ad-Hoc|iPhone
		{75B9E8C8-3296-4A55-9EA1-A1885AA2920C}.Ad-Hoc|iPhone.Build.0 = Ad-Hoc|iPhone
		{75B9E8C8-3296-4A55-9EA1-A1885AA2920C}.Ad-Hoc|iPhoneSimulator.ActiveCfg = Ad-Hoc|iPhoneSimulator
		{75B9E8C8-3296-4A55-9EA1-A1885AA2920C}.Ad-Hoc|iPhoneSimulator.Build.0 = Ad-Hoc|iPhoneSimulator
		{75B9E8C8-3296-4A55-9EA1-A1885AA2920C}.AppStore|Any CPU.ActiveCfg = AppStore|iPhone
		{75B9E8C8-3296-4A55-9EA1-A1885AA2920C}.AppStore|iPhone.ActiveCfg = AppStore|iPhone
		{75B9E8C8-3296-4A55-9EA1-A1885AA2920C}.AppStore|iPhone.Build.0 = AppStore|iPhone
		{75B9E8C8-3296-4A55-9EA1-A1885AA2920C}.AppStore|iPhoneSimulator.ActiveCfg = AppStore|iPhoneSimulator
		{75B9E8C8-3296-4A55-9EA1-A1885AA2920C}.AppStore|iPhoneSimulator.Build.0 = AppStore|iPhoneSimulator
		{75B9E8C8-3296-4A55-9EA1-A1885AA2920C}.Debug|Any CPU.ActiveCfg = Debug|iPhone
		{75B9E8C8-3296-4A55-9EA1-A1885AA2920C}.Debug|iPhone.ActiveCfg = Debug|iPhone
		{75B9E8C8-3296-4A55-9EA1-A1885AA2920C}.Debug|iPhone.Build.0 = Debug|iPhone
		{75B9E8C8-3296-4A55-9EA1-A1885AA2920C}.Debug|iPhoneSimulator.ActiveCfg = Debug|iPhoneSimulator
		{75B9E8C8-3296-4A55-9EA1-A1885AA2920C}.Debug|iPhoneSimulator.Build.0 = Debug|iPhoneSimulator
		{75B9E8C8-3296-4A55-9EA1-A1885AA2920C}.Release|Any CPU.ActiveCfg = Release|iPhone
		{75B9E8C8-3296-4A55-9EA1-A1885AA2920C}.Release|iPhone.ActiveCfg = Release|iPhone
		{75B9E8C8-3296-4A55-9EA1-A1885AA2920C}.Release|iPhone.Build.0 = Release|iPhone
		{75B9E8C8-3296-4A55-9EA1-A1885AA2920C}.Release|iPhoneSimulator.ActiveCfg = Release|iPhoneSimulator
		{75B9E8C8-3296-4A55-9EA1-A1885AA2920C}.Release|iPhoneSimulator.Build.0 = Release|iPhoneSimulator
		{41895D0E-A701-4886-AB00-1CFD7D590A80}.Ad-Hoc|Any CPU.ActiveCfg = Release|Any CPU
		{41895D0E-A701-4886-AB00-1CFD7D590A80}.Ad-Hoc|Any CPU.Build.0 = Release|Any CPU
		{41895D0E-A701-4886-AB00-1CFD7D590A80}.Ad-Hoc|iPhone.ActiveCfg = Release|Any CPU
		{41895D0E-A701-4886-AB00-1CFD7D590A80}.Ad-Hoc|iPhone.Build.0 = Release|Any CPU
		{41895D0E-A701-4886-AB00-1CFD7D590A80}.Ad-Hoc|iPhoneSimulator.ActiveCfg = Release|Any CPU
		{41895D0E-A701-4886-AB00-1CFD7D590A80}.Ad-Hoc|iPhoneSimulator.Build.0 = Release|Any CPU
		{41895D0E-A701-4886-AB00-1CFD7D590A80}.AppStore|Any CPU.ActiveCfg = Release|Any CPU
		{41895D0E-A701-4886-AB00-1CFD7D590A80}.AppStore|Any CPU.Build.0 = Release|Any CPU
		{41895D0E-A701-4886-AB00-1CFD7D590A80}.AppStore|iPhone.ActiveCfg = Release|Any CPU
		{41895D0E-A701-4886-AB00-1CFD7D590A80}.AppStore|iPhone.Build.0 = Release|Any CPU
		{41895D0E-A701-4886-AB00-1CFD7D590A80}.AppStore|iPhoneSimulator.ActiveCfg = Release|Any CPU
		{41895D0E-A701-4886-AB00-1CFD7D590A80}.AppStore|iPhoneSimulator.Build.0 = Release|Any CPU
		{41895D0E-A701-4886-AB00-1CFD7D590A80}.Debug|Any CPU.ActiveCfg = Debug|Any CPU
		{41895D0E-A701-4886-AB00-1CFD7D590A80}.Debug|Any CPU.Build.0 = Debug|Any CPU
		{41895D0E-A701-4886-AB00-1CFD7D590A80}.Debug|iPhone.ActiveCfg = Debug|Any CPU
		{41895D0E-A701-4886-AB00-1CFD7D590A80}.Debug|iPhone.Build.0 = Debug|Any CPU
		{41895D0E-A701-4886-AB00-1CFD7D590A80}.Debug|iPhoneSimulator.ActiveCfg = Debug|Any CPU
		{41895D0E-A701-4886-AB00-1CFD7D590A80}.Debug|iPhoneSimulator.Build.0 = Debug|Any CPU
		{41895D0E-A701-4886-AB00-1CFD7D590A80}.Release|Any CPU.ActiveCfg = Release|Any CPU
		{41895D0E-A701-4886-AB00-1CFD7D590A80}.Release|Any CPU.Build.0 = Release|Any CPU
		{41895D0E-A701-4886-AB00-1CFD7D590A80}.Release|iPhone.ActiveCfg = Release|Any CPU
		{41895D0E-A701-4886-AB00-1CFD7D590A80}.Release|iPhone.Build.0 = Release|Any CPU
		{41895D0E-A701-4886-AB00-1CFD7D590A80}.Release|iPhoneSimulator.ActiveCfg = Release|Any CPU
		{41895D0E-A701-4886-AB00-1CFD7D590A80}.Release|iPhoneSimulator.Build.0 = Release|Any CPU
	EndGlobalSection
	GlobalSection(SolutionProperties) = preSolution
		HideSolutionNode = FALSE
	EndGlobalSection
EndGlobal
